
Microsoft Visual Studio Solution File, Format Version 12.00
# Visual Studio Version 16
VisualStudioVersion = 16.0.34407.143
MinimumVisualStudioVersion = 10.0.40219.1
Project("{8BC9CEB8-8B4A-11D0-8D11-00A0C91BC942}") = "StudentCppRevisionTask01Project", "StudentCppRevisionTask01Project\StudentCppRevisionTask01Project.vcxproj", "{69729733-FD1F-4FB9-83A7-5C0302DBBEFC}"
EndProject
Global
	GlobalSection(SolutionConfigurationPlatforms) = preSolution
		Debug|x64 = Debug|x64
		Debug|x86 = Debug|x86
		Release|x64 = Release|x64
		Release|x86 = Release|x86
	EndGlobalSection
	GlobalSection(ProjectConfigurationPlatforms) = postSolution
		{69729733-FD1F-4FB9-83A7-5C0302DBBEFC}.Debug|x64.ActiveCfg = Debug|x64
		{69729733-FD1F-4FB9-83A7-5C0302DBBEFC}.Debug|x64.Build.0 = Debug|x64
		{69729733-FD1F-4FB9-83A7-5C0302DBBEFC}.Debug|x86.ActiveCfg = Debug|Win32
		{69729733-FD1F-4FB9-83A7-5C0302DBBEFC}.Debug|x86.Build.0 = Debug|Win32
		{69729733-FD1F-4FB9-83A7-5C0302DBBEFC}.Release|x64.ActiveCfg = Release|x64
		{69729733-FD1F-4FB9-83A7-5C0302DBBEFC}.Release|x64.Build.0 = Release|x64
		{69729733-FD1F-4FB9-83A7-5C0302DBBEFC}.Release|x86.ActiveCfg = Release|Win32
		{69729733-FD1F-4FB9-83A7-5C0302DBBEFC}.Release|x86.Build.0 = Release|Win32
	EndGlobalSection
	GlobalSection(SolutionProperties) = preSolution
		HideSolutionNode = FALSE
	EndGlobalSection
	GlobalSection(ExtensibilityGlobals) = postSolution
		SolutionGuid = {92A42714-FDBD-4239-95AC-7BD820DCEF56}
	EndGlobalSection
EndGlobal
